
Microsoft Visual Studio Solution File, Format Version 12.00
# Visual Studio Version 17
VisualStudioVersion = 17.12.35527.113
MinimumVisualStudioVersion = 10.0.40219.1
Project("{FAE04EC0-301F-11D3-BF4B-00C04F79EFBC}") = "AlgAndStructes", "AlgAndStructes\AlgAndStructes.csproj", "{917D4DD0-7B5B-4269-A4B7-51C8DD720DE3}"
EndProject
Project("{FAE04EC0-301F-11D3-BF4B-00C04F79EFBC}") = "LongestCommon", "LongestCommon\LongestCommon.csproj", "{D1ED8CD7-F3E4-4750-AC71-FA6148D5031F}"
EndProject
Project("{FAE04EC0-301F-11D3-BF4B-00C04F79EFBC}") = "Deykstra", "Deykstra\Deykstra.csproj", "{5CBAEEBD-424F-4FF9-B1D7-FB9B8F0AEE52}"
EndProject
Project("{FAE04EC0-301F-11D3-BF4B-00C04F79EFBC}") = "SimpleAlg", "SimpleAlg\SimpleAlg.csproj", "{75901C2E-4D07-4C56-AAE8-F9E52240F6EA}"
EndProject
Project("{FAE04EC0-301F-11D3-BF4B-00C04F79EFBC}") = "LevenshteinDistance", "LevenshteinDistance\LevenshteinDistance.csproj", "{B2ED242C-1A03-4546-AE3C-69DA82524A0A}"
EndProject
Project("{FAE04EC0-301F-11D3-BF4B-00C04F79EFBC}") = "SortPrpject", "SortPrpject\SortPrpject.csproj", "{8297F3A7-095A-47EB-8B48-296FE621670B}"
EndProject
Project("{FAE04EC0-301F-11D3-BF4B-00C04F79EFBC}") = "BasicTree", "BasicTree\BasicTree.csproj", "{37868D31-7C60-45CF-99C5-FACA51ECA172}"
EndProject
Project("{FAE04EC0-301F-11D3-BF4B-00C04F79EFBC}") = "BinaryTree", "BinaryTree\BinaryTree.csproj", "{2FB47E6A-992B-4900-A0F6-534442AD66CD}"
EndProject
Project("{FAE04EC0-301F-11D3-BF4B-00C04F79EFBC}") = "BinarySearchTree", "BinarySearchTree\BinarySearchTree.csproj", "{44DDD132-080E-4D13-980D-0F4FC540CB5E}"
EndProject
Project("{FAE04EC0-301F-11D3-BF4B-00C04F79EFBC}") = "AVL", "AVL\AVL.csproj", "{86125EA9-596D-4A4F-897E-8EECCBD2674B}"
EndProject
Project("{FAE04EC0-301F-11D3-BF4B-00C04F79EFBC}") = "RedBlackTree", "RedBlackTree\RedBlackTree.csproj", "{72B51BC5-FCFB-4DAA-941A-4F03C1DF56D2}"
EndProject
Project("{FAE04EC0-301F-11D3-BF4B-00C04F79EFBC}") = "OneLinkList", "OneLinkList\OneLinkList.csproj", "{440ED19A-77E6-41D3-951D-EA49AB468FDD}"
EndProject
Project("{FAE04EC0-301F-11D3-BF4B-00C04F79EFBC}") = "DoubleLinkedList", "DoubleLinkedList\DoubleLinkedList.csproj", "{ED21BE70-335F-41FC-A76C-4B18AC7887F6}"
EndProject
Project("{FAE04EC0-301F-11D3-BF4B-00C04F79EFBC}") = "graphsProject", "graphsProject\graphsProject.csproj", "{B8960A92-66BB-45AF-9963-927E27760713}"
EndProject
Project("{FAE04EC0-301F-11D3-BF4B-00C04F79EFBC}") = "GameMap", "GameMap\GameMap.csproj", "{D9791253-2F39-4E4D-A685-30B942E3312E}"
EndProject
Global
	GlobalSection(SolutionConfigurationPlatforms) = preSolution
		Debug|Any CPU = Debug|Any CPU
		Release|Any CPU = Release|Any CPU
	EndGlobalSection
	GlobalSection(ProjectConfigurationPlatforms) = postSolution
		{917D4DD0-7B5B-4269-A4B7-51C8DD720DE3}.Debug|Any CPU.ActiveCfg = Debug|Any CPU
		{917D4DD0-7B5B-4269-A4B7-51C8DD720DE3}.Debug|Any CPU.Build.0 = Debug|Any CPU
		{917D4DD0-7B5B-4269-A4B7-51C8DD720DE3}.Release|Any CPU.ActiveCfg = Release|Any CPU
		{917D4DD0-7B5B-4269-A4B7-51C8DD720DE3}.Release|Any CPU.Build.0 = Release|Any CPU
		{D1ED8CD7-F3E4-4750-AC71-FA6148D5031F}.Debug|Any CPU.ActiveCfg = Debug|Any CPU
		{D1ED8CD7-F3E4-4750-AC71-FA6148D5031F}.Debug|Any CPU.Build.0 = Debug|Any CPU
		{D1ED8CD7-F3E4-4750-AC71-FA6148D5031F}.Release|Any CPU.ActiveCfg = Release|Any CPU
		{D1ED8CD7-F3E4-4750-AC71-FA6148D5031F}.Release|Any CPU.Build.0 = Release|Any CPU
		{5CBAEEBD-424F-4FF9-B1D7-FB9B8F0AEE52}.Debug|Any CPU.ActiveCfg = Debug|Any CPU
		{5CBAEEBD-424F-4FF9-B1D7-FB9B8F0AEE52}.Debug|Any CPU.Build.0 = Debug|Any CPU
		{5CBAEEBD-424F-4FF9-B1D7-FB9B8F0AEE52}.Release|Any CPU.ActiveCfg = Release|Any CPU
		{5CBAEEBD-424F-4FF9-B1D7-FB9B8F0AEE52}.Release|Any CPU.Build.0 = Release|Any CPU
		{75901C2E-4D07-4C56-AAE8-F9E52240F6EA}.Debug|Any CPU.ActiveCfg = Debug|Any CPU
		{75901C2E-4D07-4C56-AAE8-F9E52240F6EA}.Debug|Any CPU.Build.0 = Debug|Any CPU
		{75901C2E-4D07-4C56-AAE8-F9E52240F6EA}.Release|Any CPU.ActiveCfg = Release|Any CPU
		{75901C2E-4D07-4C56-AAE8-F9E52240F6EA}.Release|Any CPU.Build.0 = Release|Any CPU
		{B2ED242C-1A03-4546-AE3C-69DA82524A0A}.Debug|Any CPU.ActiveCfg = Debug|Any CPU
		{B2ED242C-1A03-4546-AE3C-69DA82524A0A}.Debug|Any CPU.Build.0 = Debug|Any CPU
		{B2ED242C-1A03-4546-AE3C-69DA82524A0A}.Release|Any CPU.ActiveCfg = Release|Any CPU
		{B2ED242C-1A03-4546-AE3C-69DA82524A0A}.Release|Any CPU.Build.0 = Release|Any CPU
		{8297F3A7-095A-47EB-8B48-296FE621670B}.Debug|Any CPU.ActiveCfg = Debug|Any CPU
		{8297F3A7-095A-47EB-8B48-296FE621670B}.Debug|Any CPU.Build.0 = Debug|Any CPU
		{8297F3A7-095A-47EB-8B48-296FE621670B}.Release|Any CPU.ActiveCfg = Release|Any CPU
		{8297F3A7-095A-47EB-8B48-296FE621670B}.Release|Any CPU.Build.0 = Release|Any CPU
		{37868D31-7C60-45CF-99C5-FACA51ECA172}.Debug|Any CPU.ActiveCfg = Debug|Any CPU
		{37868D31-7C60-45CF-99C5-FACA51ECA172}.Debug|Any CPU.Build.0 = Debug|Any CPU
		{37868D31-7C60-45CF-99C5-FACA51ECA172}.Release|Any CPU.ActiveCfg = Release|Any CPU
		{37868D31-7C60-45CF-99C5-FACA51ECA172}.Release|Any CPU.Build.0 = Release|Any CPU
		{2FB47E6A-992B-4900-A0F6-534442AD66CD}.Debug|Any CPU.ActiveCfg = Debug|Any CPU
		{2FB47E6A-992B-4900-A0F6-534442AD66CD}.Debug|Any CPU.Build.0 = Debug|Any CPU
		{2FB47E6A-992B-4900-A0F6-534442AD66CD}.Release|Any CPU.ActiveCfg = Release|Any CPU
		{2FB47E6A-992B-4900-A0F6-534442AD66CD}.Release|Any CPU.Build.0 = Release|Any CPU
		{44DDD132-080E-4D13-980D-0F4FC540CB5E}.Debug|Any CPU.ActiveCfg = Debug|Any CPU
		{44DDD132-080E-4D13-980D-0F4FC540CB5E}.Debug|Any CPU.Build.0 = Debug|Any CPU
		{44DDD132-080E-4D13-980D-0F4FC540CB5E}.Release|Any CPU.ActiveCfg = Release|Any CPU
		{44DDD132-080E-4D13-980D-0F4FC540CB5E}.Release|Any CPU.Build.0 = Release|Any CPU
		{86125EA9-596D-4A4F-897E-8EECCBD2674B}.Debug|Any CPU.ActiveCfg = Debug|Any CPU
		{86125EA9-596D-4A4F-897E-8EECCBD2674B}.Debug|Any CPU.Build.0 = Debug|Any CPU
		{86125EA9-596D-4A4F-897E-8EECCBD2674B}.Release|Any CPU.ActiveCfg = Release|Any CPU
		{86125EA9-596D-4A4F-897E-8EECCBD2674B}.Release|Any CPU.Build.0 = Release|Any CPU
		{72B51BC5-FCFB-4DAA-941A-4F03C1DF56D2}.Debug|Any CPU.ActiveCfg = Debug|Any CPU
		{72B51BC5-FCFB-4DAA-941A-4F03C1DF56D2}.Debug|Any CPU.Build.0 = Debug|Any CPU
		{72B51BC5-FCFB-4DAA-941A-4F03C1DF56D2}.Release|Any CPU.ActiveCfg = Release|Any CPU
		{72B51BC5-FCFB-4DAA-941A-4F03C1DF56D2}.Release|Any CPU.Build.0 = Release|Any CPU
		{440ED19A-77E6-41D3-951D-EA49AB468FDD}.Debug|Any CPU.ActiveCfg = Debug|Any CPU
		{440ED19A-77E6-41D3-951D-EA49AB468FDD}.Debug|Any CPU.Build.0 = Debug|Any CPU
		{440ED19A-77E6-41D3-951D-EA49AB468FDD}.Release|Any CPU.ActiveCfg = Release|Any CPU
		{440ED19A-77E6-41D3-951D-EA49AB468FDD}.Release|Any CPU.Build.0 = Release|Any CPU
		{ED21BE70-335F-41FC-A76C-4B18AC7887F6}.Debug|Any CPU.ActiveCfg = Debug|Any CPU
		{ED21BE70-335F-41FC-A76C-4B18AC7887F6}.Debug|Any CPU.Build.0 = Debug|Any CPU
		{ED21BE70-335F-41FC-A76C-4B18AC7887F6}.Release|Any CPU.ActiveCfg = Release|Any CPU
		{ED21BE70-335F-41FC-A76C-4B18AC7887F6}.Release|Any CPU.Build.0 = Release|Any CPU
		{B8960A92-66BB-45AF-9963-927E27760713}.Debug|Any CPU.ActiveCfg = Debug|Any CPU
		{B8960A92-66BB-45AF-9963-927E27760713}.Debug|Any CPU.Build.0 = Debug|Any CPU
		{B8960A92-66BB-45AF-9963-927E27760713}.Release|Any CPU.ActiveCfg = Release|Any CPU
		{B8960A92-66BB-45AF-9963-927E27760713}.Release|Any CPU.Build.0 = Release|Any CPU
		{D9791253-2F39-4E4D-A685-30B942E3312E}.Debug|Any CPU.ActiveCfg = Debug|Any CPU
		{D9791253-2F39-4E4D-A685-30B942E3312E}.Debug|Any CPU.Build.0 = Debug|Any CPU
		{D9791253-2F39-4E4D-A685-30B942E3312E}.Release|Any CPU.ActiveCfg = Release|Any CPU
		{D9791253-2F39-4E4D-A685-30B942E3312E}.Release|Any CPU.Build.0 = Release|Any CPU
	EndGlobalSection
	GlobalSection(SolutionProperties) = preSolution
		HideSolutionNode = FALSE
	EndGlobalSection
	GlobalSection(ExtensibilityGlobals) = postSolution
		SolutionGuid = {7BDAC52E-9FC9-4353-9FD6-3E56CFAE1759}
	EndGlobalSection
EndGlobal
